<?xml version="1.0" encoding="utf-8"?>
<Project ToolsVersion="4.0" xmlns="http://schemas.microsoft.com/developer/msbuild/2003">
  <ItemGroup>
    <Filter Include="headers">
      <UniqueIdentifier>{a92ffd0a-813d-4ac5-ac59-a1b55d7944a3}</UniqueIdentifier>
    </Filter>
    <Filter Include="sources">
      <UniqueIdentifier>{7a5ac3dd-8c32-4f7f-b66a-237487b09312}</UniqueIdentifier>
    </Filter>
  </ItemGroup>
  <ItemGroup>
    <ClCompile Include="sources\mtfind.cpp">
      <Filter>sources</Filter>
    </ClCompile>
    <ClCompile Include="sources\file_reader.cpp">
      <Filter>sources</Filter>
    </ClCompile>
    <ClCompile Include="sources\join_thread.cpp">
      <Filter>sources</Filter>
    </ClCompile>
    <ClCompile Include="sources\file_search.cpp">
      <Filter>sources</Filter>
    </ClCompile>
  </ItemGroup>
  <ItemGroup>
    <ClInclude Include="headers\file_reader.h">
      <Filter>headers</Filter>
    </ClInclude>
    <ClInclude Include="headers\join_thread.h">
      <Filter>headers</Filter>
    </ClInclude>
    <ClInclude Include="headers\file_search.h">
      <Filter>headers</Filter>
    </ClInclude>
  </ItemGroup>
</Project>